
Microsoft Visual Studio Solution File, Format Version 12.00
# Visual Studio Version 16
VisualStudioVersion = 16.0.29209.62
MinimumVisualStudioVersion = 10.0.40219.1
Project("{FAE04EC0-301F-11D3-BF4B-00C04F79EFBC}") = "kRepasos.Android", "kRepasos\kRepasos.Android\kRepasos.Android.csproj", "{FD15D4B0-D40D-4CB3-8419-68DC534714BE}"
EndProject
Project("{FAE04EC0-301F-11D3-BF4B-00C04F79EFBC}") = "kRepasos.iOS", "kRepasos\kRepasos.iOS\kRepasos.iOS.csproj", "{1AE9DF23-BC07-456C-A944-BA51FF9AD723}"
EndProject
Project("{FAE04EC0-301F-11D3-BF4B-00C04F79EFBC}") = "kRepasos", "kRepasos\kRepasos\kRepasos.csproj", "{4D595D2C-EF11-4D64-9002-EDBDD1D24B88}"
EndProject
Global
	GlobalSection(SolutionConfigurationPlatforms) = preSolution
		Debug|Any CPU = Debug|Any CPU
		Debug|iPhone = Debug|iPhone
		Debug|iPhoneSimulator = Debug|iPhoneSimulator
		Release|Any CPU = Release|Any CPU
		Release|iPhone = Release|iPhone
		Release|iPhoneSimulator = Release|iPhoneSimulator
	EndGlobalSection
	GlobalSection(ProjectConfigurationPlatforms) = postSolution
		{FD15D4B0-D40D-4CB3-8419-68DC534714BE}.Debug|Any CPU.ActiveCfg = Debug|Any CPU
		{FD15D4B0-D40D-4CB3-8419-68DC534714BE}.Debug|Any CPU.Build.0 = Debug|Any CPU
		{FD15D4B0-D40D-4CB3-8419-68DC534714BE}.Debug|Any CPU.Deploy.0 = Debug|Any CPU
		{FD15D4B0-D40D-4CB3-8419-68DC534714BE}.Debug|iPhone.ActiveCfg = Debug|Any CPU
		{FD15D4B0-D40D-4CB3-8419-68DC534714BE}.Debug|iPhone.Build.0 = Debug|Any CPU
		{FD15D4B0-D40D-4CB3-8419-68DC534714BE}.Debug|iPhone.Deploy.0 = Debug|Any CPU
		{FD15D4B0-D40D-4CB3-8419-68DC534714BE}.Debug|iPhoneSimulator.ActiveCfg = Debug|Any CPU
		{FD15D4B0-D40D-4CB3-8419-68DC534714BE}.Debug|iPhoneSimulator.Build.0 = Debug|Any CPU
		{FD15D4B0-D40D-4CB3-8419-68DC534714BE}.Debug|iPhoneSimulator.Deploy.0 = Debug|Any CPU
		{FD15D4B0-D40D-4CB3-8419-68DC534714BE}.Release|Any CPU.ActiveCfg = Release|Any CPU
		{FD15D4B0-D40D-4CB3-8419-68DC534714BE}.Release|Any CPU.Build.0 = Release|Any CPU
		{FD15D4B0-D40D-4CB3-8419-68DC534714BE}.Release|Any CPU.Deploy.0 = Release|Any CPU
		{FD15D4B0-D40D-4CB3-8419-68DC534714BE}.Release|iPhone.ActiveCfg = Release|Any CPU
		{FD15D4B0-D40D-4CB3-8419-68DC534714BE}.Release|iPhone.Build.0 = Release|Any CPU
		{FD15D4B0-D40D-4CB3-8419-68DC534714BE}.Release|iPhone.Deploy.0 = Release|Any CPU
		{FD15D4B0-D40D-4CB3-8419-68DC534714BE}.Release|iPhoneSimulator.ActiveCfg = Release|Any CPU
		{FD15D4B0-D40D-4CB3-8419-68DC534714BE}.Release|iPhoneSimulator.Build.0 = Release|Any CPU
		{FD15D4B0-D40D-4CB3-8419-68DC534714BE}.Release|iPhoneSimulator.Deploy.0 = Release|Any CPU
		{1AE9DF23-BC07-456C-A944-BA51FF9AD723}.Debug|Any CPU.ActiveCfg = Debug|iPhoneSimulator
		{1AE9DF23-BC07-456C-A944-BA51FF9AD723}.Debug|Any CPU.Build.0 = Debug|iPhoneSimulator
		{1AE9DF23-BC07-456C-A944-BA51FF9AD723}.Debug|Any CPU.Deploy.0 = Debug|iPhoneSimulator
		{1AE9DF23-BC07-456C-A944-BA51FF9AD723}.Debug|iPhone.ActiveCfg = Debug|iPhone
		{1AE9DF23-BC07-456C-A944-BA51FF9AD723}.Debug|iPhone.Build.0 = Debug|iPhone
		{1AE9DF23-BC07-456C-A944-BA51FF9AD723}.Debug|iPhone.Deploy.0 = Debug|iPhone
		{1AE9DF23-BC07-456C-A944-BA51FF9AD723}.Debug|iPhoneSimulator.ActiveCfg = Debug|iPhoneSimulator
		{1AE9DF23-BC07-456C-A944-BA51FF9AD723}.Debug|iPhoneSimulator.Build.0 = Debug|iPhoneSimulator
		{1AE9DF23-BC07-456C-A944-BA51FF9AD723}.Debug|iPhoneSimulator.Deploy.0 = Debug|iPhoneSimulator
		{1AE9DF23-BC07-456C-A944-BA51FF9AD723}.Release|Any CPU.ActiveCfg = Release|iPhone
		{1AE9DF23-BC07-456C-A944-BA51FF9AD723}.Release|Any CPU.Build.0 = Release|iPhone
		{1AE9DF23-BC07-456C-A944-BA51FF9AD723}.Release|Any CPU.Deploy.0 = Release|iPhone
		{1AE9DF23-BC07-456C-A944-BA51FF9AD723}.Release|iPhone.ActiveCfg = Release|iPhone
		{1AE9DF23-BC07-456C-A944-BA51FF9AD723}.Release|iPhone.Build.0 = Release|iPhone
		{1AE9DF23-BC07-456C-A944-BA51FF9AD723}.Release|iPhone.Deploy.0 = Release|iPhone
		{1AE9DF23-BC07-456C-A944-BA51FF9AD723}.Release|iPhoneSimulator.ActiveCfg = Release|iPhoneSimulator
		{1AE9DF23-BC07-456C-A944-BA51FF9AD723}.Release|iPhoneSimulator.Build.0 = Release|iPhoneSimulator
		{1AE9DF23-BC07-456C-A944-BA51FF9AD723}.Release|iPhoneSimulator.Deploy.0 = Release|iPhoneSimulator
		{4D595D2C-EF11-4D64-9002-EDBDD1D24B88}.Debug|Any CPU.ActiveCfg = Debug|Any CPU
		{4D595D2C-EF11-4D64-9002-EDBDD1D24B88}.Debug|Any CPU.Build.0 = Debug|Any CPU
		{4D595D2C-EF11-4D64-9002-EDBDD1D24B88}.Debug|Any CPU.Deploy.0 = Debug|Any CPU
		{4D595D2C-EF11-4D64-9002-EDBDD1D24B88}.Debug|iPhone.ActiveCfg = Debug|Any CPU
		{4D595D2C-EF11-4D64-9002-EDBDD1D24B88}.Debug|iPhone.Build.0 = Debug|Any CPU
		{4D595D2C-EF11-4D64-9002-EDBDD1D24B88}.Debug|iPhone.Deploy.0 = Debug|Any CPU
		{4D595D2C-EF11-4D64-9002-EDBDD1D24B88}.Debug|iPhoneSimulator.ActiveCfg = Debug|Any CPU
		{4D595D2C-EF11-4D64-9002-EDBDD1D24B88}.Debug|iPhoneSimulator.Build.0 = Debug|Any CPU
		{4D595D2C-EF11-4D64-9002-EDBDD1D24B88}.Debug|iPhoneSimulator.Deploy.0 = Debug|Any CPU
		{4D595D2C-EF11-4D64-9002-EDBDD1D24B88}.Release|Any CPU.ActiveCfg = Release|Any CPU
		{4D595D2C-EF11-4D64-9002-EDBDD1D24B88}.Release|Any CPU.Build.0 = Release|Any CPU
		{4D595D2C-EF11-4D64-9002-EDBDD1D24B88}.Release|Any CPU.Deploy.0 = Release|Any CPU
		{4D595D2C-EF11-4D64-9002-EDBDD1D24B88}.Release|iPhone.ActiveCfg = Release|Any CPU
		{4D595D2C-EF11-4D64-9002-EDBDD1D24B88}.Release|iPhone.Build.0 = Release|Any CPU
		{4D595D2C-EF11-4D64-9002-EDBDD1D24B88}.Release|iPhone.Deploy.0 = Release|Any CPU
		{4D595D2C-EF11-4D64-9002-EDBDD1D24B88}.Release|iPhoneSimulator.ActiveCfg = Release|Any CPU
		{4D595D2C-EF11-4D64-9002-EDBDD1D24B88}.Release|iPhoneSimulator.Build.0 = Release|Any CPU
		{4D595D2C-EF11-4D64-9002-EDBDD1D24B88}.Release|iPhoneSimulator.Deploy.0 = Release|Any CPU
	EndGlobalSection
	GlobalSection(SolutionProperties) = preSolution
		HideSolutionNode = FALSE
	EndGlobalSection
	GlobalSection(ExtensibilityGlobals) = postSolution
		SolutionGuid = {7868BD8B-689C-4CB0-B49A-610FDE766CA4}
	EndGlobalSection
EndGlobal
